# This file is automatically @generated by Cargo.
# It is not intended for manual editing.
version = 4

[[package]]
name = "bin-rs"
version = "0.0.10"
source = "registry+https://github.com/rust-lang/crates.io-index"
checksum = "23f756521115a60a84bc45722261eaf03aa6a59d886c9c3b41d08ac1c39e3e24"

[[package]]
name = "webp-encode-wasm"
version = "0.1.0"
dependencies = [
 "webp-rust",
]

[[package]]
name = "webp-rust"
version = "0.2.1"
source = "registry+https://github.com/rust-lang/crates.io-index"
checksum = "7d5967f27dbd1796f7ca3f9f555500ed7ae4aef4c153bf1f8e9e8a72751ed1b4"
dependencies = [
 "bin-rs",
]
